// !$*UTF8*$!
{
	archiveVersion = 1;
	classes = {
	};
	objectVersion = 50;
	objects = {

/* Begin PBXBuildFile section */
		24AF46C22D953EA350EE7471 /* Pods_NIS_IOS_LocalizedApp.framework in Frameworks */ = {isa = PBXBuildFile; fileRef = 70FDE14B9CDFB32DBAD76AAF /* Pods_NIS_IOS_LocalizedApp.framework */; };
		30D9490D25D9994E001834F7 /* AppDelegate.swift in Sources */ = {isa = PBXBuildFile; fileRef = 30D9490C25D9994E001834F7 /* AppDelegate.swift */; };
		30D9490F25D9994E001834F7 /* SceneDelegate.swift in Sources */ = {isa = PBXBuildFile; fileRef = 30D9490E25D9994E001834F7 /* SceneDelegate.swift */; };
		30D9491125D9994E001834F7 /* MainViewController.swift in Sources */ = {isa = PBXBuildFile; fileRef = 30D9491025D9994E001834F7 /* MainViewController.swift */; };
		30D9491625D99951001834F7 /* Assets.xcassets in Resources */ = {isa = PBXBuildFile; fileRef = 30D9491525D99951001834F7 /* Assets.xcassets */; };
		30D9491925D99951001834F7 /* LaunchScreen.storyboard in Resources */ = {isa = PBXBuildFile; fileRef = 30D9491725D99951001834F7 /* LaunchScreen.storyboard */; };
/* End PBXBuildFile section */

/* Begin PBXFileReference section */
		152117D10A96E91F23CA4CB5 /* Pods-NIS-IOS-LocalizedApp.release.xcconfig */ = {isa = PBXFileReference; includeInIndex = 1; lastKnownFileType = text.xcconfig; name = "Pods-NIS-IOS-LocalizedApp.release.xcconfig"; path = "Target Support Files/Pods-NIS-IOS-LocalizedApp/Pods-NIS-IOS-LocalizedApp.release.xcconfig"; sourceTree = "<group>"; };
		30D9490925D9994E001834F7 /* NIS-IOS-LocalizedApp.app */ = {isa = PBXFileReference; explicitFileType = wrapper.application; includeInIndex = 0; path = "NIS-IOS-LocalizedApp.app"; sourceTree = BUILT_PRODUCTS_DIR; };
		30D9490C25D9994E001834F7 /* AppDelegate.swift */ = {isa = PBXFileReference; lastKnownFileType = sourcecode.swift; path = AppDelegate.swift; sourceTree = "<group>"; };
		30D9490E25D9994E001834F7 /* SceneDelegate.swift */ = {isa = PBXFileReference; lastKnownFileType = sourcecode.swift; path = SceneDelegate.swift; sourceTree = "<group>"; };
		30D9491025D9994E001834F7 /* MainViewController.swift */ = {isa = PBXFileReference; lastKnownFileType = sourcecode.swift; path = MainViewController.swift; sourceTree = "<group>"; };
		30D9491525D99951001834F7 /* Assets.xcassets */ = {isa = PBXFileReference; lastKnownFileType = folder.assetcatalog; path = Assets.xcassets; sourceTree = "<group>"; };
		30D9491825D99951001834F7 /* Base */ = {isa = PBXFileReference; lastKnownFileType = file.storyboard; name = Base; path = Base.lproj/LaunchScreen.storyboard; sourceTree = "<group>"; };
		30D9491A25D99951001834F7 /* Info.plist */ = {isa = PBXFileReference; lastKnownFileType = text.plist.xml; path = Info.plist; sourceTree = "<group>"; };
		660556B6C2FE52EF6A69AF0E /* Pods-NIS-IOS-LocalizedApp.debug.xcconfig */ = {isa = PBXFileReference; includeInIndex = 1; lastKnownFileType = text.xcconfig; name = "Pods-NIS-IOS-LocalizedApp.debug.xcconfig"; path = "Target Support Files/Pods-NIS-IOS-LocalizedApp/Pods-NIS-IOS-LocalizedApp.debug.xcconfig"; sourceTree = "<group>"; };
		70FDE14B9CDFB32DBAD76AAF /* Pods_NIS_IOS_LocalizedApp.framework */ = {isa = PBXFileReference; explicitFileType = wrapper.framework; includeInIndex = 0; path = Pods_NIS_IOS_LocalizedApp.framework; sourceTree = BUILT_PRODUCTS_DIR; };
/* End PBXFileReference section */

/* Begin PBXFrameworksBuildPhase section */
		30D9490625D9994E001834F7 /* Frameworks */ = {
			isa = PBXFrameworksBuildPhase;
			buildActionMask = 2147483647;
			files = (
				24AF46C22D953EA350EE7471 /* Pods_NIS_IOS_LocalizedApp.framework in Frameworks */,
			);
			runOnlyForDeploymentPostprocessing = 0;
		};
/* End PBXFrameworksBuildPhase section */

/* Begin PBXGroup section */
		30D9490025D9994E001834F7 = {
			isa = PBXGroup;
			children = (
				30D9490B25D9994E001834F7 /* NIS-IOS-LocalizedApp */,
				30D9490A25D9994E001834F7 /* Products */,
				B36CF8E9137636AF15F49C69 /* Pods */,
				B01C39985BA2068B98B2FF05 /* Frameworks */,
			);
			sourceTree = "<group>";
		};
		30D9490A25D9994E001834F7 /* Products */ = {
			isa = PBXGroup;
			children = (
				30D9490925D9994E001834F7 /* NIS-IOS-LocalizedApp.app */,
			);
			name = Products;
			sourceTree = "<group>";
		};
		30D9490B25D9994E001834F7 /* NIS-IOS-LocalizedApp */ = {
			isa = PBXGroup;
			children = (
				30D9490C25D9994E001834F7 /* AppDelegate.swift */,
				30D9490E25D9994E001834F7 /* SceneDelegate.swift */,
				30D9491025D9994E001834F7 /* MainViewController.swift */,
				30D9491525D99951001834F7 /* Assets.xcassets */,
				30D9491725D99951001834F7 /* LaunchScreen.storyboard */,
				30D9491A25D99951001834F7 /* Info.plist */,
			);
			path = "NIS-IOS-LocalizedApp";
			sourceTree = "<group>";
		};
		B01C39985BA2068B98B2FF05 /* Frameworks */ = {
			isa = PBXGroup;
			children = (
				70FDE14B9CDFB32DBAD76AAF /* Pods_NIS_IOS_LocalizedApp.framework */,
			);
			name = Frameworks;
			sourceTree = "<group>";
		};
		B36CF8E9137636AF15F49C69 /* Pods */ = {
			isa = PBXGroup;
			children = (
				660556B6C2FE52EF6A69AF0E /* Pods-NIS-IOS-LocalizedApp.debug.xcconfig */,
				152117D10A96E91F23CA4CB5 /* Pods-NIS-IOS-LocalizedApp.release.xcconfig */,
			);
			name = Pods;
			path = Pods;
			sourceTree = "<group>";
		};
/* End PBXGroup section */

/* Begin PBXNativeTarget section */
		30D9490825D9994E001834F7 /* NIS-IOS-LocalizedApp */ = {
			isa = PBXNativeTarget;
			buildConfigurationList = 30D9491D25D99951001834F7 /* Build configuration list for PBXNativeTarget "NIS-IOS-LocalizedApp" */;
			buildPhases = (
				5E58EC72F06CEEB5F716022A /* [CP] Check Pods Manifest.lock */,
				30D9490525D9994E001834F7 /* Sources */,
				30D9490625D9994E001834F7 /* Frameworks */,
				30D9490725D9994E001834F7 /* Resources */,
				DF755B3F6C4BDE3B30F43891 /* [CP] Embed Pods Frameworks */,
			);
			buildRules = (
			);
			dependencies = (
			);
			name = "NIS-IOS-LocalizedApp";
			productName = "NIS-IOS-LocalizedApp";
			productReference = 30D9490925D9994E001834F7 /* NIS-IOS-LocalizedApp.app */;
			productType = "com.apple.product-type.application";
		};
/* End PBXNativeTarget section */

/* Begin PBXProject section */
		30D9490125D9994E001834F7 /* Project object */ = {
			isa = PBXProject;
			attributes = {
				LastSwiftUpdateCheck = 1230;
				LastUpgradeCheck = 1230;
				TargetAttributes = {
					30D9490825D9994E001834F7 = {
						CreatedOnToolsVersion = 12.3;
					};
				};
			};
			buildConfigurationList = 30D9490425D9994E001834F7 /* Build configuration list for PBXProject "NIS-IOS-LocalizedApp" */;
			compatibilityVersion = "Xcode 9.3";
			developmentRegion = en;
			hasScannedForEncodings = 0;
			knownRegions = (
				en,
				Base,
			);
			mainGroup = 30D9490025D9994E001834F7;
			productRefGroup = 30D9490A25D9994E001834F7 /* Products */;
			projectDirPath = "";
			projectRoot = "";
			targets = (
				30D9490825D9994E001834F7 /* NIS-IOS-LocalizedApp */,
			);
		};
/* End PBXProject section */

/* Begin PBXResourcesBuildPhase section */
		30D9490725D9994E001834F7 /* Resources */ = {
			isa = PBXResourcesBuildPhase;
			buildActionMask = 2147483647;
			files = (
				30D9491925D99951001834F7 /* LaunchScreen.storyboard in Resources */,
				30D9491625D99951001834F7 /* Assets.xcassets in Resources */,
			);
			runOnlyForDeploymentPostprocessing = 0;
		};
/* End PBXResourcesBuildPhase section */

/* Begin PBXShellScriptBuildPhase section */
		5E58EC72F06CEEB5F716022A /* [CP] Check Pods Manifest.lock */ = {
			isa = PBXShellScriptBuildPhase;
			buildActionMask = 2147483647;
			files = (
			);
			inputFileListPaths = (
			);
			inputPaths = (
				"${PODS_PODFILE_DIR_PATH}/Podfile.lock",
				"${PODS_ROOT}/Manifest.lock",
			);
			name = "[CP] Check Pods Manifest.lock";
			outputFileListPaths = (
			);
			outputPaths = (
				"$(DERIVED_FILE_DIR)/Pods-NIS-IOS-LocalizedApp-checkManifestLockResult.txt",
			);
			runOnlyForDeploymentPostprocessing = 0;
			shellPath = /bin/sh;
			shellScript = "diff \"${PODS_PODFILE_DIR_PATH}/Podfile.lock\" \"${PODS_ROOT}/Manifest.lock\" > /dev/null\nif [ $? != 0 ] ; then\n    # print error to STDERR\n    echo \"error: The sandbox is not in sync with the Podfile.lock. Run 'pod install' or update your CocoaPods installation.\" >&2\n    exit 1\nfi\n# This output is used by Xcode 'outputs' to avoid re-running this script phase.\necho \"SUCCESS\" > \"${SCRIPT_OUTPUT_FILE_0}\"\n";
			showEnvVarsInLog = 0;
		};
		DF755B3F6C4BDE3B30F43891 /* [CP] Embed Pods Frameworks */ = {
			isa = PBXShellScriptBuildPhase;
			buildActionMask = 2147483647;
			files = (
			);
			inputFileListPaths = (
				"${PODS_ROOT}/Target Support Files/Pods-NIS-IOS-LocalizedApp/Pods-NIS-IOS-LocalizedApp-frameworks-${CONFIGURATION}-input-files.xcfilelist",
			);
			name = "[CP] Embed Pods Frameworks";
			outputFileListPaths = (
				"${PODS_ROOT}/Target Support Files/Pods-NIS-IOS-LocalizedApp/Pods-NIS-IOS-LocalizedApp-frameworks-${CONFIGURATION}-output-files.xcfilelist",
			);
			runOnlyForDeploymentPostprocessing = 0;
			shellPath = /bin/sh;
			shellScript = "\"${PODS_ROOT}/Target Support Files/Pods-NIS-IOS-LocalizedApp/Pods-NIS-IOS-LocalizedApp-frameworks.sh\"\n";
			showEnvVarsInLog = 0;
		};
/* End PBXShellScriptBuildPhase section */

/* Begin PBXSourcesBuildPhase section */
		30D9490525D9994E001834F7 /* Sources */ = {
			isa = PBXSourcesBuildPhase;
			buildActionMask = 2147483647;
			files = (
				30D9491125D9994E001834F7 /* MainViewController.swift in Sources */,
				30D9490D25D9994E001834F7 /* AppDelegate.swift in Sources */,
				30D9490F25D9994E001834F7 /* SceneDelegate.swift in Sources */,
			);
			runOnlyForDeploymentPostprocessing = 0;
		};
/* End PBXSourcesBuildPhase section */

/* Begin PBXVariantGroup section */
		30D9491725D99951001834F7 /* LaunchScreen.storyboard */ = {
			isa = PBXVariantGroup;
			children = (
				30D9491825D99951001834F7 /* Base */,
			);
			name = LaunchScreen.storyboard;
			sourceTree = "<group>";
		};
/* End PBXVariantGroup section */

/* Begin XCBuildConfiguration section */
		30D9491B25D99951001834F7 /* Debug */ = {
			isa = XCBuildConfiguration;
			buildSettings = {
				ALWAYS_SEARCH_USER_PATHS = NO;
				CLANG_ANALYZER_NONNULL = YES;
				CLANG_ANALYZER_NUMBER_OBJECT_CONVERSION = YES_AGGRESSIVE;
				CLANG_CXX_LANGUAGE_STANDARD = "gnu++14";
				CLANG_CXX_LIBRARY = "libc++";
				CLANG_ENABLE_MODULES = YES;
				CLANG_ENABLE_OBJC_ARC = YES;
				CLANG_ENABLE_OBJC_WEAK = YES;
				CLANG_WARN_BLOCK_CAPTURE_AUTORELEASING = YES;
				CLANG_WARN_BOOL_CONVERSION = YES;
				CLANG_WARN_COMMA = YES;
				CLANG_WARN_CONSTANT_CONVERSION = YES;
				CLANG_WARN_DEPRECATED_OBJC_IMPLEMENTATIONS = YES;
				CLANG_WARN_DIRECT_OBJC_ISA_USAGE = YES_ERROR;
				CLANG_WARN_DOCUMENTATION_COMMENTS = YES;
				CLANG_WARN_EMPTY_BODY = YES;
				CLANG_WARN_ENUM_CONVERSION = YES;
				CLANG_WARN_INFINITE_RECURSION = YES;
				CLANG_WARN_INT_CONVERSION = YES;
				CLANG_WARN_NON_LITERAL_NULL_CONVERSION = YES;
				CLANG_WARN_OBJC_IMPLICIT_RETAIN_SELF = YES;
				CLANG_WARN_OBJC_LITERAL_CONVERSION = YES;
				CLANG_WARN_OBJC_ROOT_CLASS = YES_ERROR;
				CLANG_WARN_QUOTED_INCLUDE_IN_FRAMEWORK_HEADER = YES;
				CLANG_WARN_RANGE_LOOP_ANALYSIS = YES;
				CLANG_WARN_STRICT_PROTOTYPES = YES;
				CLANG_WARN_SUSPICIOUS_MOVE = YES;
				CLANG_WARN_UNGUARDED_AVAILABILITY = YES_AGGRESSIVE;
				CLANG_WARN_UNREACHABLE_CODE = YES;
				CLANG_WARN__DUPLICATE_METHOD_MATCH = YES;
				COPY_PHASE_STRIP = NO;
				DEBUG_INFORMATION_FORMAT = dwarf;
				ENABLE_STRICT_OBJC_MSGSEND = YES;
				ENABLE_TESTABILITY = YES;
				GCC_C_LANGUAGE_STANDARD = gnu11;
				GCC_DYNAMIC_NO_PIC = NO;
				GCC_NO_COMMON_BLOCKS = YES;
				GCC_OPTIMIZATION_LEVEL = 0;
				GCC_PREPROCESSOR_DEFINITIONS = (
					"DEBUG=1",
					"$(inherited)",
				);
				GCC_WARN_64_TO_32_BIT_CONVERSION = YES;
				GCC_WARN_ABOUT_RETURN_TYPE = YES_ERROR;
				GCC_WARN_UNDECLARED_SELECTOR = YES;
				GCC_WARN_UNINITIALIZED_AUTOS = YES_AGGRESSIVE;
				GCC_WARN_UNUSED_FUNCTION = YES;
				GCC_WARN_UNUSED_VARIABLE = YES;
				IPHONEOS_DEPLOYMENT_TARGET = 14.3;
				MTL_ENABLE_DEBUG_INFO = INCLUDE_SOURCE;
				MTL_FAST_MATH = YES;
				ONLY_ACTIVE_ARCH = YES;
				SDKROOT = iphoneos;
				SWIFT_ACTIVE_COMPILATION_CONDITIONS = DEBUG;
				SWIFT_OPTIMIZATION_LEVEL = "-Onone";
			};
			name = Debug;
		};
		30D9491C25D99951001834F7 /* Release */ = {
			isa = XCBuildConfiguration;
			buildSettings = {
				ALWAYS_SEARCH_USER_PATHS = NO;
				CLANG_ANALYZER_NONNULL = YES;
				CLANG_ANALYZER_NUMBER_OBJECT_CONVERSION = YES_AGGRESSIVE;
				CLANG_CXX_LANGUAGE_STANDARD = "gnu++14";
				CLANG_CXX_LIBRARY = "libc++";
				CLANG_ENABLE_MODULES = YES;
				CLANG_ENABLE_OBJC_ARC = YES;
				CLANG_ENABLE_OBJC_WEAK = YES;
				CLANG_WARN_BLOCK_CAPTURE_AUTORELEASING = YES;
				CLANG_WARN_BOOL_CONVERSION = YES;
				CLANG_WARN_COMMA = YES;
				CLANG_WARN_CONSTANT_CONVERSION = YES;
				CLANG_WARN_DEPRECATED_OBJC_IMPLEMENTATIONS = YES;
				CLANG_WARN_DIRECT_OBJC_ISA_USAGE = YES_ERROR;
				CLANG_WARN_DOCUMENTATION_COMMENTS = YES;
				CLANG_WARN_EMPTY_BODY = YES;
				CLANG_WARN_ENUM_CONVERSION = YES;
				CLANG_WARN_INFINITE_RECURSION = YES;
				CLANG_WARN_INT_CONVERSION = YES;
				CLANG_WARN_NON_LITERAL_NULL_CONVERSION = YES;
				CLANG_WARN_OBJC_IMPLICIT_RETAIN_SELF = YES;
				CLANG_WARN_OBJC_LITERAL_CONVERSION = YES;
				CLANG_WARN_OBJC_ROOT_CLASS = YES_ERROR;
				CLANG_WARN_QUOTED_INCLUDE_IN_FRAMEWORK_HEADER = YES;
				CLANG_WARN_RANGE_LOOP_ANALYSIS = YES;
				CLANG_WARN_STRICT_PROTOTYPES = YES;
				CLANG_WARN_SUSPICIOUS_MOVE = YES;
				CLANG_WARN_UNGUARDED_AVAILABILITY = YES_AGGRESSIVE;
				CLANG_WARN_UNREACHABLE_CODE = YES;
				CLANG_WARN__DUPLICATE_METHOD_MATCH = YES;
				COPY_PHASE_STRIP = NO;
				DEBUG_INFORMATION_FORMAT = "dwarf-with-dsym";
				ENABLE_NS_ASSERTIONS = NO;
				ENABLE_STRICT_OBJC_MSGSEND = YES;
				GCC_C_LANGUAGE_STANDARD = gnu11;
				GCC_NO_COMMON_BLOCKS = YES;
				GCC_WARN_64_TO_32_BIT_CONVERSION = YES;
				GCC_WARN_ABOUT_RETURN_TYPE = YES_ERROR;
				GCC_WARN_UNDECLARED_SELECTOR = YES;
				GCC_WARN_UNINITIALIZED_AUTOS = YES_AGGRESSIVE;
				GCC_WARN_UNUSED_FUNCTION = YES;
				GCC_WARN_UNUSED_VARIABLE = YES;
				IPHONEOS_DEPLOYMENT_TARGET = 14.3;
				MTL_ENABLE_DEBUG_INFO = NO;
				MTL_FAST_MATH = YES;
				SDKROOT = iphoneos;
				SWIFT_COMPILATION_MODE = wholemodule;
				SWIFT_OPTIMIZATION_LEVEL = "-O";
				VALIDATE_PRODUCT = YES;
			};
			name = Release;
		};
		30D9491E25D99951001834F7 /* Debug */ = {
			isa = XCBuildConfiguration;
			baseConfigurationReference = 660556B6C2FE52EF6A69AF0E /* Pods-NIS-IOS-LocalizedApp.debug.xcconfig */;
			buildSettings = {
				ASSETCATALOG_COMPILER_APPICON_NAME = AppIcon;
				ASSETCATALOG_COMPILER_GLOBAL_ACCENT_COLOR_NAME = AccentColor;
				CODE_SIGN_STYLE = Automatic;
				DEVELOPMENT_TEAM = GL28D5C2MP;
				INFOPLIST_FILE = "NIS-IOS-LocalizedApp/Info.plist";
				LD_RUNPATH_SEARCH_PATHS = (
					"$(inherited)",
					"@executable_path/Frameworks",
				);
				PRODUCT_BUNDLE_IDENTIFIER = "Bsw20.NIS-IOS-LocalizedApp";
				PRODUCT_NAME = "$(TARGET_NAME)";
				SWIFT_VERSION = 5.0;
				TARGETED_DEVICE_FAMILY = "1,2";
			};
			name = Debug;
		};
		30D9491F25D99951001834F7 /* Release */ = {
			isa = XCBuildConfiguration;
			baseConfigurationReference = 152117D10A96E91F23CA4CB5 /* Pods-NIS-IOS-LocalizedApp.release.xcconfig */;
			buildSettings = {
				ASSETCATALOG_COMPILER_APPICON_NAME = AppIcon;
				ASSETCATALOG_COMPILER_GLOBAL_ACCENT_COLOR_NAME = AccentColor;
				CODE_SIGN_STYLE = Automatic;
				DEVELOPMENT_TEAM = GL28D5C2MP;
				INFOPLIST_FILE = "NIS-IOS-LocalizedApp/Info.plist";
				LD_RUNPATH_SEARCH_PATHS = (
					"$(inherited)",
					"@executable_path/Frameworks",
				);
				PRODUCT_BUNDLE_IDENTIFIER = "Bsw20.NIS-IOS-LocalizedApp";
				PRODUCT_NAME = "$(TARGET_NAME)";
				SWIFT_VERSION = 5.0;
				TARGETED_DEVICE_FAMILY = "1,2";
			};
			name = Release;
		};
/* End XCBuildConfiguration section */

/* Begin XCConfigurationList section */
		30D9490425D9994E001834F7 /* Build configuration list for PBXProject "NIS-IOS-LocalizedApp" */ = {
			isa = XCConfigurationList;
			buildConfigurations = (
				30D9491B25D99951001834F7 /* Debug */,
				30D9491C25D99951001834F7 /* Release */,
			);
			defaultConfigurationIsVisible = 0;
			defaultConfigurationName = Release;
		};
		30D9491D25D99951001834F7 /* Build configuration list for PBXNativeTarget "NIS-IOS-LocalizedApp" */ = {
			isa = XCConfigurationList;
			buildConfigurations = (
				30D9491E25D99951001834F7 /* Debug */,
				30D9491F25D99951001834F7 /* Release */,
			);
			defaultConfigurationIsVisible = 0;
			defaultConfigurationName = Release;
		};
/* End XCConfigurationList section */
	};
	rootObject = 30D9490125D9994E001834F7 /* Project object */;
}
